{
  "name": "JConways_Game_of_life",
  "version": "1.0.0",
  "lockfileVersion": 1,
  "requires": true,
  "dependencies": {
    "@types/lodash": {
      "version": "4.14.153",
      "resolved": "https://registry.npmjs.org/@types/lodash/-/lodash-4.14.153.tgz",
      "integrity": "sha512-lYniGRiRfZf2gGAR9cfRC3Pi5+Q1ziJCKqPmjZocigrSJUVPWf7st1BtSJ8JOeK0FLXVndQ1IjUjTco9CXGo/Q=="
    },
    "@types/lodash.sample": {
      "version": "4.2.6",
      "resolved": "https://registry.npmjs.org/@types/lodash.sample/-/lodash.sample-4.2.6.tgz",
      "integrity": "sha512-hxBvsUjPcW1O8mC9TiBE4m8TwvLuUU+zW8J6GI1M6WmPg8J87mXGt7zavpJ/9Znb+0rVsSB3VNAjCFaJ9YUJKg==",
      "requires": {
        "@types/lodash": "*"
      }
    },
    "immer": {
      "version": "6.0.8",
      "resolved": "https://registry.npmjs.org/immer/-/immer-6.0.8.tgz",
      "integrity": "sha512-wmVdrkqL6OzhX5z2k/c0t8g+YzGy+V8B/r1GRdCTO0UcTiFkB0XVAxpJQT045KaNV2u14HzbLCYKJmt7yVCakg=="
    },
    "jquery": {
      "version": "3.5.1",
      "resolved": "https://registry.npmjs.org/jquery/-/jquery-3.5.1.tgz",
      "integrity": "sha512-XwIBPqcMn57FxfT+Go5pzySnm4KWkT1Tv7gjrpT1srtf8Weynl6R273VJ5GjkRb51IzMp5nbaPjJXMWeju2MKg=="
    },
    "js-tokens": {
      "version": "4.0.0",
      "resolved": "https://registry.npmjs.org/js-tokens/-/js-tokens-4.0.0.tgz",
      "integrity": "sha512-RdJUflcE3cUzKiMqQgsCu06FPu9UdIJO0beYbPhHN4k6apgJtifcoCtT9bcxOpYBtpD2kCM6Sbzg4CausW/PKQ=="
    },
    "lodash": {
      "version": "4.17.21",
      "resolved": "https://registry.npmjs.org/lodash/-/lodash-4.17.21.tgz",
      "integrity": "sha512-v2kDEe57lecTulaDIuNTPy3Ry4gLGJ6Z1O3vE1krgXZNrsQ+LFTGHVxVjcXPs17LhbZVGedAJv8XZ1tvj5FvSg=="
    },
    "lodash.sample": {
      "version": "4.2.1",
      "resolved": "https://registry.npmjs.org/lodash.sample/-/lodash.sample-4.2.1.tgz",
      "integrity": "sha1-XkKRsMdT+hq+sKq4+ynfG2bwf20="
    },
    "loose-envify": {
      "version": "1.4.0",
      "resolved": "https://registry.npmjs.org/loose-envify/-/loose-envify-1.4.0.tgz",
      "integrity": "sha512-lyuxPGr/Wfhrlem2CL/UcnUc1zcqKAImBDzukY7Y5F/yQiNdko6+fRLevlw1HgMySw7f611UIY408EtxRSoK3Q==",
      "requires": {
        "js-tokens": "^3.0.0 || ^4.0.0"
      }
    },
    "object-assign": {
      "version": "4.1.1",
      "resolved": "https://registry.npmjs.org/object-assign/-/object-assign-4.1.1.tgz",
      "integrity": "sha1-IQmtx5ZYh8/AXLvUQsrIv7s2CGM="
    },
    "prop-types": {
      "version": "15.7.2",
      "resolved": "https://registry.npmjs.org/prop-types/-/prop-types-15.7.2.tgz",
      "integrity": "sha512-8QQikdH7//R2vurIJSutZ1smHYTcLpRWEOlHnzcWHmBYrOGUysKwSsrC89BCiFj3CbrfJ/nXFdJepOVrY1GCHQ==",
      "requires": {
        "loose-envify": "^1.4.0",
        "object-assign": "^4.1.1",
        "react-is": "^16.8.1"
      }
    },
    "react": {
      "version": "16.13.1",
      "resolved": "https://registry.npmjs.org/react/-/react-16.13.1.tgz",
      "integrity": "sha512-YMZQQq32xHLX0bz5Mnibv1/LHb3Sqzngu7xstSM+vrkE5Kzr9xE0yMByK5kMoTK30YVJE61WfbxIFFvfeDKT1w==",
      "requires": {
        "loose-envify": "^1.1.0",
        "object-assign": "^4.1.1",
        "prop-types": "^15.6.2"
      }
    },
    "react-is": {
      "version": "16.13.1",
      "resolved": "https://registry.npmjs.org/react-is/-/react-is-16.13.1.tgz",
      "integrity": "sha512-24e6ynE2H+OKt4kqsOvNd8kBpV65zoxbA4BVsEOB3ARVWQki/DHzaUoC5KuON/BiccDaCCTZBuOcfZs70kR8bQ=="
    },
    "semantic-ui-css": {
      "version": "2.4.1",
      "resolved": "https://registry.npmjs.org/semantic-ui-css/-/semantic-ui-css-2.4.1.tgz",
      "integrity": "sha512-Pkp0p9oWOxlH0kODx7qFpIRYpK1T4WJOO4lNnpNPOoWKCrYsfHqYSKgk5fHfQtnWnsAKy7nLJMW02bgDWWFZFg==",
      "requires": {
        "jquery": "x.*"
      }
    }
  }
}
